
Microsoft Visual Studio Solution File, Format Version 12.00
# Visual Studio Version 17
VisualStudioVersion = 17.12.35527.113 d17.12
MinimumVisualStudioVersion = 10.0.40219.1
Project("{FAE04EC0-301F-11D3-BF4B-00C04F79EFBC}") = "Demo", "Demo\Demo.csproj", "{BC0B919F-05FA-4307-9161-8646E024089F}"
EndProject
Project("{FAE04EC0-301F-11D3-BF4B-00C04F79EFBC}") = "Assignment", "Assignment\Assignment.csproj", "{C802ADCD-64C1-439E-8316-B214D7DFEEEA}"
EndProject
Global
	GlobalSection(SolutionConfigurationPlatforms) = preSolution
		Debug|Any CPU = Debug|Any CPU
		Release|Any CPU = Release|Any CPU
	EndGlobalSection
	GlobalSection(ProjectConfigurationPlatforms) = postSolution
		{BC0B919F-05FA-4307-9161-8646E024089F}.Debug|Any CPU.ActiveCfg = Debug|Any CPU
		{BC0B919F-05FA-4307-9161-8646E024089F}.Debug|Any CPU.Build.0 = Debug|Any CPU
		{BC0B919F-05FA-4307-9161-8646E024089F}.Release|Any CPU.ActiveCfg = Release|Any CPU
		{BC0B919F-05FA-4307-9161-8646E024089F}.Release|Any CPU.Build.0 = Release|Any CPU
		{C802ADCD-64C1-439E-8316-B214D7DFEEEA}.Debug|Any CPU.ActiveCfg = Debug|Any CPU
		{C802ADCD-64C1-439E-8316-B214D7DFEEEA}.Debug|Any CPU.Build.0 = Debug|Any CPU
		{C802ADCD-64C1-439E-8316-B214D7DFEEEA}.Release|Any CPU.ActiveCfg = Release|Any CPU
		{C802ADCD-64C1-439E-8316-B214D7DFEEEA}.Release|Any CPU.Build.0 = Release|Any CPU
	EndGlobalSection
	GlobalSection(SolutionProperties) = preSolution
		HideSolutionNode = FALSE
	EndGlobalSection
EndGlobal
